{
  "name": "justin-dashboard",
  "version": "1.0.0",
  "lockfileVersion": 3,
  "requires": true,
  "packages": {
    "": {
      "name": "justin-dashboard",
      "version": "1.0.0",
      "license": "ISC",
      "dependencies": {
        "stock-sdk": "^2.2.2"
      }
    },
    "node_modules/stock-sdk": {
      "version": "2.2.2",
      "resolved": "https://registry.npmjs.org/stock-sdk/-/stock-sdk-2.2.2.tgz",
      "integrity": "sha512-nYPIrdd9vm28w2dHXLWBgyXF/bnC3eXFaM7vhxeXBDQJs7imaFR3rWBQUBfhPPxMuhrunnnNDdEPLCq8Uv839Q==",
      "license": "ISC",
      "bin": {
        "stock-sdk": "dist/cli.js"
      },
      "engines": {
        "node": ">=18.0.0"
      }
    }
  }
}
