{
  "name": "justin-dashboard",
  "version": "1.0.0",
  "lockfileVersion": 3,
  "requires": true,
  "packages": {
    "": {
      "name": "justin-dashboard",
      "version": "1.0.0",
      "license": "ISC",
      "dependencies": {
        "@astryxdesign/core": "^0.1.4",
        "@phosphor-icons/web": "^2.1.2",
        "stock-sdk": "^2.2.2"
      }
    },
    "node_modules/@astryxdesign/core": {
      "version": "0.1.4",
      "resolved": "https://registry.npmjs.org/@astryxdesign/core/-/core-0.1.4.tgz",
      "integrity": "sha512-pLwdh8Pu4ifgQ3thiaFjzitWzVpGJmyaSgNe2AZnGwGO1E876HY4k7s6m2wDnxbt5kxdSSeu0O6axq1LxUbwEQ==",
      "license": "MIT",
      "peerDependencies": {
        "@stylexjs/stylex": "^0.18.3",
        "react": ">=19.0.0",
        "react-dom": ">=19.0.0"
      }
    },
    "node_modules/@phosphor-icons/web": {
      "version": "2.1.2",
      "resolved": "https://registry.npmjs.org/@phosphor-icons/web/-/web-2.1.2.tgz",
      "integrity": "sha512-rPAR9o/bEcp4Cw4DEeZHXf+nlGCMNGkNDRizYHM47NLxz9vvEHp/Tt6FMK1NcWadzw/pFDPnRBGi/ofRya958A==",
      "license": "MIT"
    },
    "node_modules/@stylexjs/stylex": {
      "version": "0.18.3",
      "resolved": "https://registry.npmjs.org/@stylexjs/stylex/-/stylex-0.18.3.tgz",
      "integrity": "sha512-15gDzAJAorOE0yzxaWLNxldW2aqdmCiLG5QcPD8nmVCVqvrWp0Asgv45zk7LtN86WJb/4Ym9eQ6qT5MJW59tWQ==",
      "license": "MIT",
      "peer": true,
      "dependencies": {
        "css-mediaquery": "^0.1.2",
        "invariant": "^2.2.4",
        "styleq": "0.2.1"
      }
    },
    "node_modules/css-mediaquery": {
      "version": "0.1.2",
      "resolved": "https://registry.npmjs.org/css-mediaquery/-/css-mediaquery-0.1.2.tgz",
      "integrity": "sha512-COtn4EROW5dBGlE/4PiKnh6rZpAPxDeFLaEEwt4i10jpDMFt2EhQGS79QmmrO+iKCHv0PU/HrOWEhijFd1x99Q==",
      "license": "BSD",
      "peer": true
    },
    "node_modules/invariant": {
      "version": "2.2.4",
      "resolved": "https://registry.npmjs.org/invariant/-/invariant-2.2.4.tgz",
      "integrity": "sha512-phJfQVBuaJM5raOpJjSfkiD6BpbCE4Ns//LaXl6wGYtUBY83nWS6Rf9tXm2e8VaK60JEjYldbPif/A2B1C2gNA==",
      "license": "MIT",
      "peer": true,
      "dependencies": {
        "loose-envify": "^1.0.0"
      }
    },
    "node_modules/js-tokens": {
      "version": "4.0.0",
      "resolved": "https://registry.npmjs.org/js-tokens/-/js-tokens-4.0.0.tgz",
      "integrity": "sha512-RdJUflcE3cUzKiMqQgsCu06FPu9UdIJO0beYbPhHN4k6apgJtifcoCtT9bcxOpYBtpD2kCM6Sbzg4CausW/PKQ==",
      "license": "MIT",
      "peer": true
    },
    "node_modules/loose-envify": {
      "version": "1.4.0",
      "resolved": "https://registry.npmjs.org/loose-envify/-/loose-envify-1.4.0.tgz",
      "integrity": "sha512-lyuxPGr/Wfhrlem2CL/UcnUc1zcqKAImBDzukY7Y5F/yQiNdko6+fRLevlw1HgMySw7f611UIY408EtxRSoK3Q==",
      "license": "MIT",
      "peer": true,
      "dependencies": {
        "js-tokens": "^3.0.0 || ^4.0.0"
      },
      "bin": {
        "loose-envify": "cli.js"
      }
    },
    "node_modules/react": {
      "version": "19.2.7",
      "resolved": "https://registry.npmjs.org/react/-/react-19.2.7.tgz",
      "integrity": "sha512-HNe9WslTbXmFK8o8cmwgAeJFSBvt1bPdHCVKtaaV+WlAN36mpT4hcRpwbf3fY56ar2oIXzsBpOAiIRHAdY0OlQ==",
      "license": "MIT",
      "peer": true,
      "engines": {
        "node": ">=0.10.0"
      }
    },
    "node_modules/react-dom": {
      "version": "19.2.7",
      "resolved": "https://registry.npmjs.org/react-dom/-/react-dom-19.2.7.tgz",
      "integrity": "sha512-t0BRVXvbiE/o20Hfw669rLbMCDWtYZLvmJigy2f0MxsXF+71pxhR3xOkspmsO8h3ZlNzyibAmtCa3l4lYKk6gQ==",
      "license": "MIT",
      "peer": true,
      "dependencies": {
        "scheduler": "^0.27.0"
      },
      "peerDependencies": {
        "react": "^19.2.7"
      }
    },
    "node_modules/scheduler": {
      "version": "0.27.0",
      "resolved": "https://registry.npmjs.org/scheduler/-/scheduler-0.27.0.tgz",
      "integrity": "sha512-eNv+WrVbKu1f3vbYJT/xtiF5syA5HPIMtf9IgY/nKg0sWqzAUEvqY/xm7OcZc/qafLx/iO9FgOmeSAp4v5ti/Q==",
      "license": "MIT",
      "peer": true
    },
    "node_modules/stock-sdk": {
      "version": "2.2.2",
      "resolved": "https://registry.npmjs.org/stock-sdk/-/stock-sdk-2.2.2.tgz",
      "integrity": "sha512-nYPIrdd9vm28w2dHXLWBgyXF/bnC3eXFaM7vhxeXBDQJs7imaFR3rWBQUBfhPPxMuhrunnnNDdEPLCq8Uv839Q==",
      "license": "ISC",
      "bin": {
        "stock-sdk": "dist/cli.js"
      },
      "engines": {
        "node": ">=18.0.0"
      }
    },
    "node_modules/styleq": {
      "version": "0.2.1",
      "resolved": "https://registry.npmjs.org/styleq/-/styleq-0.2.1.tgz",
      "integrity": "sha512-L0TR0NQb+X4/ktDEKmjWyp27gla+LUYi/by5k5SjKXf6/pvZP7wbwEB5J+tqxdFVPgzbsuz+d4RTScO/QZquBw==",
      "license": "MIT",
      "peer": true
    }
  }
}
